
Microsoft Visual Studio Solution File, Format Version 12.00
# Visual Studio Version 17
VisualStudioVersion = 17.5.33516.290
MinimumVisualStudioVersion = 10.0.40219.1
Project("{FAE04EC0-301F-11D3-BF4B-00C04F79EFBC}") = "Kniga_Recepts", "Kniga_Recepts.csproj", "{72961AEB-1CC6-4DC2-B202-46190772D186}"
EndProject
Global
	GlobalSection(SolutionConfigurationPlatforms) = preSolution
		Debug|Any CPU = Debug|Any CPU
		Release|Any CPU = Release|Any CPU
	EndGlobalSection
	GlobalSection(ProjectConfigurationPlatforms) = postSolution
		{72961AEB-1CC6-4DC2-B202-46190772D186}.Debug|Any CPU.ActiveCfg = Debug|Any CPU
		{72961AEB-1CC6-4DC2-B202-46190772D186}.Debug|Any CPU.Build.0 = Debug|Any CPU
		{72961AEB-1CC6-4DC2-B202-46190772D186}.Release|Any CPU.ActiveCfg = Release|Any CPU
		{72961AEB-1CC6-4DC2-B202-46190772D186}.Release|Any CPU.Build.0 = Release|Any CPU
	EndGlobalSection
	GlobalSection(SolutionProperties) = preSolution
		HideSolutionNode = FALSE
	EndGlobalSection
	GlobalSection(ExtensibilityGlobals) = postSolution
		SolutionGuid = {BA1229D7-00EA-4339-AA62-D1BE375581E6}
	EndGlobalSection
EndGlobal
